
Microsoft Visual Studio Solution File, Format Version 12.00
# Visual Studio Version 17
VisualStudioVersion = 17.8.34330.188
MinimumVisualStudioVersion = 10.0.40219.1
Project("{FAE04EC0-301F-11D3-BF4B-00C04F79EFBC}") = "AtiviadesPOO7", "AtiviadesPOO7\AtiviadesPOO7.csproj", "{57512803-CB11-4599-B0CF-60D68C9B410E}"
EndProject
Global
	GlobalSection(SolutionConfigurationPlatforms) = preSolution
		Debug|Any CPU = Debug|Any CPU
		Release|Any CPU = Release|Any CPU
	EndGlobalSection
	GlobalSection(ProjectConfigurationPlatforms) = postSolution
		{57512803-CB11-4599-B0CF-60D68C9B410E}.Debug|Any CPU.ActiveCfg = Debug|Any CPU
		{57512803-CB11-4599-B0CF-60D68C9B410E}.Debug|Any CPU.Build.0 = Debug|Any CPU
		{57512803-CB11-4599-B0CF-60D68C9B410E}.Release|Any CPU.ActiveCfg = Release|Any CPU
		{57512803-CB11-4599-B0CF-60D68C9B410E}.Release|Any CPU.Build.0 = Release|Any CPU
	EndGlobalSection
	GlobalSection(SolutionProperties) = preSolution
		HideSolutionNode = FALSE
	EndGlobalSection
	GlobalSection(ExtensibilityGlobals) = postSolution
		SolutionGuid = {C02A80D0-D58F-4030-A415-A6A416CBF02E}
	EndGlobalSection
EndGlobal
